// !$*UTF8*$!
{
	archiveVersion = 1;
	classes = {
	};
	objectVersion = 56;
	objects = {

/* Begin PBXBuildFile section */
		8433558E2BB97AF3008B348C /* AppDelegate.swift in Sources */ = {isa = PBXBuildFile; fileRef = 8433558D2BB97AF3008B348C /* AppDelegate.swift */; };
		843355902BB97AF3008B348C /* SceneDelegate.swift in Sources */ = {isa = PBXBuildFile; fileRef = 8433558F2BB97AF3008B348C /* SceneDelegate.swift */; };
		843355952BB97AF3008B348C /* Main.storyboard in Resources */ = {isa = PBXBuildFile; fileRef = 843355932BB97AF3008B348C /* Main.storyboard */; };
		843355972BB97AF6008B348C /* Assets.xcassets in Resources */ = {isa = PBXBuildFile; fileRef = 843355962BB97AF6008B348C /* Assets.xcassets */; };
		8433559A2BB97AF6008B348C /* LaunchScreen.storyboard in Resources */ = {isa = PBXBuildFile; fileRef = 843355982BB97AF6008B348C /* LaunchScreen.storyboard */; };
		843355AC2BBAAF8F008B348C /* ProgramViewController.swift in Sources */ = {isa = PBXBuildFile; fileRef = 843355AB2BBAAF8F008B348C /* ProgramViewController.swift */; };
		843355AE2BBAB613008B348C /* ProgramTableCell.swift in Sources */ = {isa = PBXBuildFile; fileRef = 843355AD2BBAB613008B348C /* ProgramTableCell.swift */; };
		84BDA1202BC3F4D100E4F2EF /* Colors.swift in Sources */ = {isa = PBXBuildFile; fileRef = 84BDA11F2BC3F4D100E4F2EF /* Colors.swift */; };
		84BDA1242BC3FBE200E4F2EF /* Font.swift in Sources */ = {isa = PBXBuildFile; fileRef = 84BDA1232BC3FBE200E4F2EF /* Font.swift */; };
		84D21BF02BC17CCA00EE870C /* ContactsService.swift in Sources */ = {isa = PBXBuildFile; fileRef = 84D21BEF2BC17C5000EE870C /* ContactsService.swift */; };
		84D21BF22BC17D3900EE870C /* DetailViewController.swift in Sources */ = {isa = PBXBuildFile; fileRef = 84D21BF12BC17D3900EE870C /* DetailViewController.swift */; };
/* End PBXBuildFile section */

/* Begin PBXFileReference section */
		8433558A2BB97AF3008B348C /* modul_14.app */ = {isa = PBXFileReference; explicitFileType = wrapper.application; includeInIndex = 0; path = modul_14.app; sourceTree = BUILT_PRODUCTS_DIR; };
		8433558D2BB97AF3008B348C /* AppDelegate.swift */ = {isa = PBXFileReference; lastKnownFileType = sourcecode.swift; path = AppDelegate.swift; sourceTree = "<group>"; };
		8433558F2BB97AF3008B348C /* SceneDelegate.swift */ = {isa = PBXFileReference; lastKnownFileType = sourcecode.swift; path = SceneDelegate.swift; sourceTree = "<group>"; };
		843355942BB97AF3008B348C /* Base */ = {isa = PBXFileReference; lastKnownFileType = file.storyboard; name = Base; path = Base.lproj/Main.storyboard; sourceTree = "<group>"; };
		843355962BB97AF6008B348C /* Assets.xcassets */ = {isa = PBXFileReference; lastKnownFileType = folder.assetcatalog; path = Assets.xcassets; sourceTree = "<group>"; };
		843355992BB97AF6008B348C /* Base */ = {isa = PBXFileReference; lastKnownFileType = file.storyboard; name = Base; path = Base.lproj/LaunchScreen.storyboard; sourceTree = "<group>"; };
		8433559B2BB97AF6008B348C /* Info.plist */ = {isa = PBXFileReference; lastKnownFileType = text.plist.xml; path = Info.plist; sourceTree = "<group>"; };
		843355AB2BBAAF8F008B348C /* ProgramViewController.swift */ = {isa = PBXFileReference; lastKnownFileType = sourcecode.swift; path = ProgramViewController.swift; sourceTree = "<group>"; };
		843355AD2BBAB613008B348C /* ProgramTableCell.swift */ = {isa = PBXFileReference; lastKnownFileType = sourcecode.swift; path = ProgramTableCell.swift; sourceTree = "<group>"; };
		84BDA11F2BC3F4D100E4F2EF /* Colors.swift */ = {isa = PBXFileReference; lastKnownFileType = sourcecode.swift; path = Colors.swift; sourceTree = "<group>"; };
		84BDA1232BC3FBE200E4F2EF /* Font.swift */ = {isa = PBXFileReference; lastKnownFileType = sourcecode.swift; path = Font.swift; sourceTree = "<group>"; };
		84D21BEF2BC17C5000EE870C /* ContactsService.swift */ = {isa = PBXFileReference; lastKnownFileType = sourcecode.swift; path = ContactsService.swift; sourceTree = "<group>"; };
		84D21BF12BC17D3900EE870C /* DetailViewController.swift */ = {isa = PBXFileReference; lastKnownFileType = sourcecode.swift; path = DetailViewController.swift; sourceTree = "<group>"; };
/* End PBXFileReference section */

/* Begin PBXFrameworksBuildPhase section */
		843355872BB97AF3008B348C /* Frameworks */ = {
			isa = PBXFrameworksBuildPhase;
			buildActionMask = 2147483647;
			files = (
			);
			runOnlyForDeploymentPostprocessing = 0;
		};
/* End PBXFrameworksBuildPhase section */

/* Begin PBXGroup section */
		843355812BB97AF3008B348C = {
			isa = PBXGroup;
			children = (
				8433558C2BB97AF3008B348C /* modul_14 */,
				8433558B2BB97AF3008B348C /* Products */,
			);
			sourceTree = "<group>";
		};
		8433558B2BB97AF3008B348C /* Products */ = {
			isa = PBXGroup;
			children = (
				8433558A2BB97AF3008B348C /* modul_14.app */,
			);
			name = Products;
			sourceTree = "<group>";
		};
		8433558C2BB97AF3008B348C /* modul_14 */ = {
			isa = PBXGroup;
			children = (
				84BDA1222BC3FBC100E4F2EF /* Font */,
				84BDA1212BC3F4D900E4F2EF /* Color */,
				84D21BEE2BC17C3B00EE870C /* Detail */,
				84D21BED2BC17C1700EE870C /* Settings */,
				843355A42BBA6E27008B348C /* Cells */,
				843355AB2BBAAF8F008B348C /* ProgramViewController.swift */,
				84D21BEF2BC17C5000EE870C /* ContactsService.swift */,
				843355932BB97AF3008B348C /* Main.storyboard */,
				843355962BB97AF6008B348C /* Assets.xcassets */,
				843355982BB97AF6008B348C /* LaunchScreen.storyboard */,
				8433559B2BB97AF6008B348C /* Info.plist */,
			);
			path = modul_14;
			sourceTree = "<group>";
		};
		843355A42BBA6E27008B348C /* Cells */ = {
			isa = PBXGroup;
			children = (
				843355AD2BBAB613008B348C /* ProgramTableCell.swift */,
			);
			path = Cells;
			sourceTree = "<group>";
		};
		84BDA1212BC3F4D900E4F2EF /* Color */ = {
			isa = PBXGroup;
			children = (
				84BDA11F2BC3F4D100E4F2EF /* Colors.swift */,
			);
			path = Color;
			sourceTree = "<group>";
		};
		84BDA1222BC3FBC100E4F2EF /* Font */ = {
			isa = PBXGroup;
			children = (
				84BDA1232BC3FBE200E4F2EF /* Font.swift */,
			);
			path = Font;
			sourceTree = "<group>";
		};
		84D21BED2BC17C1700EE870C /* Settings */ = {
			isa = PBXGroup;
			children = (
				8433558D2BB97AF3008B348C /* AppDelegate.swift */,
				8433558F2BB97AF3008B348C /* SceneDelegate.swift */,
			);
			path = Settings;
			sourceTree = "<group>";
		};
		84D21BEE2BC17C3B00EE870C /* Detail */ = {
			isa = PBXGroup;
			children = (
				84D21BF12BC17D3900EE870C /* DetailViewController.swift */,
			);
			path = Detail;
			sourceTree = "<group>";
		};
/* End PBXGroup section */

/* Begin PBXNativeTarget section */
		843355892BB97AF3008B348C /* modul_14 */ = {
			isa = PBXNativeTarget;
			buildConfigurationList = 8433559E2BB97AF6008B348C /* Build configuration list for PBXNativeTarget "modul_14" */;
			buildPhases = (
				843355862BB97AF3008B348C /* Sources */,
				843355872BB97AF3008B348C /* Frameworks */,
				843355882BB97AF3008B348C /* Resources */,
			);
			buildRules = (
			);
			dependencies = (
			);
			name = modul_14;
			productName = modul_14;
			productReference = 8433558A2BB97AF3008B348C /* modul_14.app */;
			productType = "com.apple.product-type.application";
		};
/* End PBXNativeTarget section */

/* Begin PBXProject section */
		843355822BB97AF3008B348C /* Project object */ = {
			isa = PBXProject;
			attributes = {
				BuildIndependentTargetsInParallel = 1;
				LastSwiftUpdateCheck = 1420;
				LastUpgradeCheck = 1420;
				TargetAttributes = {
					843355892BB97AF3008B348C = {
						CreatedOnToolsVersion = 14.2;
					};
				};
			};
			buildConfigurationList = 843355852BB97AF3008B348C /* Build configuration list for PBXProject "modul_14" */;
			compatibilityVersion = "Xcode 14.0";
			developmentRegion = en;
			hasScannedForEncodings = 0;
			knownRegions = (
				en,
				Base,
			);
			mainGroup = 843355812BB97AF3008B348C;
			productRefGroup = 8433558B2BB97AF3008B348C /* Products */;
			projectDirPath = "";
			projectRoot = "";
			targets = (
				843355892BB97AF3008B348C /* modul_14 */,
			);
		};
/* End PBXProject section */

/* Begin PBXResourcesBuildPhase section */
		843355882BB97AF3008B348C /* Resources */ = {
			isa = PBXResourcesBuildPhase;
			buildActionMask = 2147483647;
			files = (
				8433559A2BB97AF6008B348C /* LaunchScreen.storyboard in Resources */,
				843355972BB97AF6008B348C /* Assets.xcassets in Resources */,
				843355952BB97AF3008B348C /* Main.storyboard in Resources */,
			);
			runOnlyForDeploymentPostprocessing = 0;
		};
/* End PBXResourcesBuildPhase section */

/* Begin PBXSourcesBuildPhase section */
		843355862BB97AF3008B348C /* Sources */ = {
			isa = PBXSourcesBuildPhase;
			buildActionMask = 2147483647;
			files = (
				84D21BF02BC17CCA00EE870C /* ContactsService.swift in Sources */,
				843355AE2BBAB613008B348C /* ProgramTableCell.swift in Sources */,
				843355AC2BBAAF8F008B348C /* ProgramViewController.swift in Sources */,
				84BDA1202BC3F4D100E4F2EF /* Colors.swift in Sources */,
				84BDA1242BC3FBE200E4F2EF /* Font.swift in Sources */,
				84D21BF22BC17D3900EE870C /* DetailViewController.swift in Sources */,
				8433558E2BB97AF3008B348C /* AppDelegate.swift in Sources */,
				843355902BB97AF3008B348C /* SceneDelegate.swift in Sources */,
			);
			runOnlyForDeploymentPostprocessing = 0;
		};
/* End PBXSourcesBuildPhase section */

/* Begin PBXVariantGroup section */
		843355932BB97AF3008B348C /* Main.storyboard */ = {
			isa = PBXVariantGroup;
			children = (
				843355942BB97AF3008B348C /* Base */,
			);
			name = Main.storyboard;
			sourceTree = "<group>";
		};
		843355982BB97AF6008B348C /* LaunchScreen.storyboard */ = {
			isa = PBXVariantGroup;
			children = (
				843355992BB97AF6008B348C /* Base */,
			);
			name = LaunchScreen.storyboard;
			sourceTree = "<group>";
		};
/* End PBXVariantGroup section */

/* Begin XCBuildConfiguration section */
		8433559C2BB97AF6008B348C /* Debug */ = {
			isa = XCBuildConfiguration;
			buildSettings = {
				ALWAYS_SEARCH_USER_PATHS = NO;
				CLANG_ANALYZER_NONNULL = YES;
				CLANG_ANALYZER_NUMBER_OBJECT_CONVERSION = YES_AGGRESSIVE;
				CLANG_CXX_LANGUAGE_STANDARD = "gnu++20";
				CLANG_ENABLE_MODULES = YES;
				CLANG_ENABLE_OBJC_ARC = YES;
				CLANG_ENABLE_OBJC_WEAK = YES;
				CLANG_WARN_BLOCK_CAPTURE_AUTORELEASING = YES;
				CLANG_WARN_BOOL_CONVERSION = YES;
				CLANG_WARN_COMMA = YES;
				CLANG_WARN_CONSTANT_CONVERSION = YES;
				CLANG_WARN_DEPRECATED_OBJC_IMPLEMENTATIONS = YES;
				CLANG_WARN_DIRECT_OBJC_ISA_USAGE = YES_ERROR;
				CLANG_WARN_DOCUMENTATION_COMMENTS = YES;
				CLANG_WARN_EMPTY_BODY = YES;
				CLANG_WARN_ENUM_CONVERSION = YES;
				CLANG_WARN_INFINITE_RECURSION = YES;
				CLANG_WARN_INT_CONVERSION = YES;
				CLANG_WARN_NON_LITERAL_NULL_CONVERSION = YES;
				CLANG_WARN_OBJC_IMPLICIT_RETAIN_SELF = YES;
				CLANG_WARN_OBJC_LITERAL_CONVERSION = YES;
				CLANG_WARN_OBJC_ROOT_CLASS = YES_ERROR;
				CLANG_WARN_QUOTED_INCLUDE_IN_FRAMEWORK_HEADER = YES;
				CLANG_WARN_RANGE_LOOP_ANALYSIS = YES;
				CLANG_WARN_STRICT_PROTOTYPES = YES;
				CLANG_WARN_SUSPICIOUS_MOVE = YES;
				CLANG_WARN_UNGUARDED_AVAILABILITY = YES_AGGRESSIVE;
				CLANG_WARN_UNREACHABLE_CODE = YES;
				CLANG_WARN__DUPLICATE_METHOD_MATCH = YES;
				COPY_PHASE_STRIP = NO;
				DEBUG_INFORMATION_FORMAT = dwarf;
				ENABLE_STRICT_OBJC_MSGSEND = YES;
				ENABLE_TESTABILITY = YES;
				GCC_C_LANGUAGE_STANDARD = gnu11;
				GCC_DYNAMIC_NO_PIC = NO;
				GCC_NO_COMMON_BLOCKS = YES;
				GCC_OPTIMIZATION_LEVEL = 0;
				GCC_PREPROCESSOR_DEFINITIONS = (
					"DEBUG=1",
					"$(inherited)",
				);
				GCC_WARN_64_TO_32_BIT_CONVERSION = YES;
				GCC_WARN_ABOUT_RETURN_TYPE = YES_ERROR;
				GCC_WARN_UNDECLARED_SELECTOR = YES;
				GCC_WARN_UNINITIALIZED_AUTOS = YES_AGGRESSIVE;
				GCC_WARN_UNUSED_FUNCTION = YES;
				GCC_WARN_UNUSED_VARIABLE = YES;
				IPHONEOS_DEPLOYMENT_TARGET = 16.2;
				MTL_ENABLE_DEBUG_INFO = INCLUDE_SOURCE;
				MTL_FAST_MATH = YES;
				ONLY_ACTIVE_ARCH = YES;
				SDKROOT = iphoneos;
				SWIFT_ACTIVE_COMPILATION_CONDITIONS = DEBUG;
				SWIFT_OPTIMIZATION_LEVEL = "-Onone";
			};
			name = Debug;
		};
		8433559D2BB97AF6008B348C /* Release */ = {
			isa = XCBuildConfiguration;
			buildSettings = {
				ALWAYS_SEARCH_USER_PATHS = NO;
				CLANG_ANALYZER_NONNULL = YES;
				CLANG_ANALYZER_NUMBER_OBJECT_CONVERSION = YES_AGGRESSIVE;
				CLANG_CXX_LANGUAGE_STANDARD = "gnu++20";
				CLANG_ENABLE_MODULES = YES;
				CLANG_ENABLE_OBJC_ARC = YES;
				CLANG_ENABLE_OBJC_WEAK = YES;
				CLANG_WARN_BLOCK_CAPTURE_AUTORELEASING = YES;
				CLANG_WARN_BOOL_CONVERSION = YES;
				CLANG_WARN_COMMA = YES;
				CLANG_WARN_CONSTANT_CONVERSION = YES;
				CLANG_WARN_DEPRECATED_OBJC_IMPLEMENTATIONS = YES;
				CLANG_WARN_DIRECT_OBJC_ISA_USAGE = YES_ERROR;
				CLANG_WARN_DOCUMENTATION_COMMENTS = YES;
				CLANG_WARN_EMPTY_BODY = YES;
				CLANG_WARN_ENUM_CONVERSION = YES;
				CLANG_WARN_INFINITE_RECURSION = YES;
				CLANG_WARN_INT_CONVERSION = YES;
				CLANG_WARN_NON_LITERAL_NULL_CONVERSION = YES;
				CLANG_WARN_OBJC_IMPLICIT_RETAIN_SELF = YES;
				CLANG_WARN_OBJC_LITERAL_CONVERSION = YES;
				CLANG_WARN_OBJC_ROOT_CLASS = YES_ERROR;
				CLANG_WARN_QUOTED_INCLUDE_IN_FRAMEWORK_HEADER = YES;
				CLANG_WARN_RANGE_LOOP_ANALYSIS = YES;
				CLANG_WARN_STRICT_PROTOTYPES = YES;
				CLANG_WARN_SUSPICIOUS_MOVE = YES;
				CLANG_WARN_UNGUARDED_AVAILABILITY = YES_AGGRESSIVE;
				CLANG_WARN_UNREACHABLE_CODE = YES;
				CLANG_WARN__DUPLICATE_METHOD_MATCH = YES;
				COPY_PHASE_STRIP = NO;
				DEBUG_INFORMATION_FORMAT = "dwarf-with-dsym";
				ENABLE_NS_ASSERTIONS = NO;
				ENABLE_STRICT_OBJC_MSGSEND = YES;
				GCC_C_LANGUAGE_STANDARD = gnu11;
				GCC_NO_COMMON_BLOCKS = YES;
				GCC_WARN_64_TO_32_BIT_CONVERSION = YES;
				GCC_WARN_ABOUT_RETURN_TYPE = YES_ERROR;
				GCC_WARN_UNDECLARED_SELECTOR = YES;
				GCC_WARN_UNINITIALIZED_AUTOS = YES_AGGRESSIVE;
				GCC_WARN_UNUSED_FUNCTION = YES;
				GCC_WARN_UNUSED_VARIABLE = YES;
				IPHONEOS_DEPLOYMENT_TARGET = 16.2;
				MTL_ENABLE_DEBUG_INFO = NO;
				MTL_FAST_MATH = YES;
				SDKROOT = iphoneos;
				SWIFT_COMPILATION_MODE = wholemodule;
				SWIFT_OPTIMIZATION_LEVEL = "-O";
				VALIDATE_PRODUCT = YES;
			};
			name = Release;
		};
		8433559F2BB97AF6008B348C /* Debug */ = {
			isa = XCBuildConfiguration;
			buildSettings = {
				ASSETCATALOG_COMPILER_APPICON_NAME = AppIcon;
				ASSETCATALOG_COMPILER_GLOBAL_ACCENT_COLOR_NAME = AccentColor;
				CODE_SIGN_STYLE = Automatic;
				CURRENT_PROJECT_VERSION = 1;
				GENERATE_INFOPLIST_FILE = YES;
				INFOPLIST_FILE = modul_14/Info.plist;
				INFOPLIST_KEY_UIApplicationSupportsIndirectInputEvents = YES;
				INFOPLIST_KEY_UILaunchStoryboardName = LaunchScreen;
				INFOPLIST_KEY_UIMainStoryboardFile = Main;
				INFOPLIST_KEY_UISupportedInterfaceOrientations_iPad = "UIInterfaceOrientationPortrait UIInterfaceOrientationPortraitUpsideDown UIInterfaceOrientationLandscapeLeft UIInterfaceOrientationLandscapeRight";
				INFOPLIST_KEY_UISupportedInterfaceOrientations_iPhone = "UIInterfaceOrientationPortrait UIInterfaceOrientationLandscapeLeft UIInterfaceOrientationLandscapeRight";
				LD_RUNPATH_SEARCH_PATHS = (
					"$(inherited)",
					"@executable_path/Frameworks",
				);
				MARKETING_VERSION = 1.0;
				PRODUCT_BUNDLE_IDENTIFIER = "shodon.modul-14";
				PRODUCT_NAME = "$(TARGET_NAME)";
				SWIFT_EMIT_LOC_STRINGS = YES;
				SWIFT_VERSION = 5.0;
				TARGETED_DEVICE_FAMILY = "1,2";
			};
			name = Debug;
		};
		843355A02BB97AF6008B348C /* Release */ = {
			isa = XCBuildConfiguration;
			buildSettings = {
				ASSETCATALOG_COMPILER_APPICON_NAME = AppIcon;
				ASSETCATALOG_COMPILER_GLOBAL_ACCENT_COLOR_NAME = AccentColor;
				CODE_SIGN_STYLE = Automatic;
				CURRENT_PROJECT_VERSION = 1;
				GENERATE_INFOPLIST_FILE = YES;
				INFOPLIST_FILE = modul_14/Info.plist;
				INFOPLIST_KEY_UIApplicationSupportsIndirectInputEvents = YES;
				INFOPLIST_KEY_UILaunchStoryboardName = LaunchScreen;
				INFOPLIST_KEY_UIMainStoryboardFile = Main;
				INFOPLIST_KEY_UISupportedInterfaceOrientations_iPad = "UIInterfaceOrientationPortrait UIInterfaceOrientationPortraitUpsideDown UIInterfaceOrientationLandscapeLeft UIInterfaceOrientationLandscapeRight";
				INFOPLIST_KEY_UISupportedInterfaceOrientations_iPhone = "UIInterfaceOrientationPortrait UIInterfaceOrientationLandscapeLeft UIInterfaceOrientationLandscapeRight";
				LD_RUNPATH_SEARCH_PATHS = (
					"$(inherited)",
					"@executable_path/Frameworks",
				);
				MARKETING_VERSION = 1.0;
				PRODUCT_BUNDLE_IDENTIFIER = "shodon.modul-14";
				PRODUCT_NAME = "$(TARGET_NAME)";
				SWIFT_EMIT_LOC_STRINGS = YES;
				SWIFT_VERSION = 5.0;
				TARGETED_DEVICE_FAMILY = "1,2";
			};
			name = Release;
		};
/* End XCBuildConfiguration section */

/* Begin XCConfigurationList section */
		843355852BB97AF3008B348C /* Build configuration list for PBXProject "modul_14" */ = {
			isa = XCConfigurationList;
			buildConfigurations = (
				8433559C2BB97AF6008B348C /* Debug */,
				8433559D2BB97AF6008B348C /* Release */,
			);
			defaultConfigurationIsVisible = 0;
			defaultConfigurationName = Release;
		};
		8433559E2BB97AF6008B348C /* Build configuration list for PBXNativeTarget "modul_14" */ = {
			isa = XCConfigurationList;
			buildConfigurations = (
				8433559F2BB97AF6008B348C /* Debug */,
				843355A02BB97AF6008B348C /* Release */,
			);
			defaultConfigurationIsVisible = 0;
			defaultConfigurationName = Release;
		};
/* End XCConfigurationList section */
	};
	rootObject = 843355822BB97AF3008B348C /* Project object */;
}
